
Microsoft Visual Studio Solution File, Format Version 12.00
# Visual Studio 2013
VisualStudioVersion = 12.0.40629.0
MinimumVisualStudioVersion = 10.0.40219.1
Project("{FAE04EC0-301F-11D3-BF4B-00C04F79EFBC}") = "PathStructure", "PathStructure\\PathStructure.csproj", "{1D9E4A37-6C0E-44D7-9047-7F0F1F0B6E5A}"
EndProject
Project("{FAE04EC0-301F-11D3-BF4B-00C04F79EFBC}") = "PathStructure.Abstracts", "PathStructure.Abstracts\\PathStructure.Abstracts.csproj", "{C6D3E799-1B01-4FD8-B4C0-90A4A11D8CF6}"
EndProject
Project("{FAE04EC0-301F-11D3-BF4B-00C04F79EFBC}") = "ExamplePlugins", "ExamplePlugins\\ExamplePlugins.csproj", "{0A3F70C1-8A4A-4A33-93FE-3E5B577B67D6}"
EndProject
Project("{FAE04EC0-301F-11D3-BF4B-00C04F79EFBC}") = "PathStructure.WatcherHost", "PathStructure.WatcherHost\\PathStructure.WatcherHost.csproj", "{4FBF4C3D-0F11-4E07-9AEF-2BA6AA9C54C7}"
EndProject
Project("{FAE04EC0-301F-11D3-BF4B-00C04F79EFBC}") = "PathStructure.Server", "PathStructure.Server\\PathStructure.Server.csproj", "{1BE4267F-F277-4027-B3C2-5E4E9FFD19E3}"
EndProject
Global
	GlobalSection(SolutionConfigurationPlatforms) = preSolution
		Debug|Any CPU = Debug|Any CPU
		Release|Any CPU = Release|Any CPU
	EndGlobalSection
	GlobalSection(ProjectConfigurationPlatforms) = postSolution
		{1D9E4A37-6C0E-44D7-9047-7F0F1F0B6E5A}.Debug|Any CPU.ActiveCfg = Debug|Any CPU
		{1D9E4A37-6C0E-44D7-9047-7F0F1F0B6E5A}.Debug|Any CPU.Build.0 = Debug|Any CPU
		{1D9E4A37-6C0E-44D7-9047-7F0F1F0B6E5A}.Release|Any CPU.ActiveCfg = Release|Any CPU
		{1D9E4A37-6C0E-44D7-9047-7F0F1F0B6E5A}.Release|Any CPU.Build.0 = Release|Any CPU
		{C6D3E799-1B01-4FD8-B4C0-90A4A11D8CF6}.Debug|Any CPU.ActiveCfg = Debug|Any CPU
		{C6D3E799-1B01-4FD8-B4C0-90A4A11D8CF6}.Debug|Any CPU.Build.0 = Debug|Any CPU
		{C6D3E799-1B01-4FD8-B4C0-90A4A11D8CF6}.Release|Any CPU.ActiveCfg = Release|Any CPU
		{C6D3E799-1B01-4FD8-B4C0-90A4A11D8CF6}.Release|Any CPU.Build.0 = Release|Any CPU
		{0A3F70C1-8A4A-4A33-93FE-3E5B577B67D6}.Debug|Any CPU.ActiveCfg = Debug|Any CPU
		{0A3F70C1-8A4A-4A33-93FE-3E5B577B67D6}.Debug|Any CPU.Build.0 = Debug|Any CPU
		{0A3F70C1-8A4A-4A33-93FE-3E5B577B67D6}.Release|Any CPU.ActiveCfg = Release|Any CPU
		{0A3F70C1-8A4A-4A33-93FE-3E5B577B67D6}.Release|Any CPU.Build.0 = Release|Any CPU
		{4FBF4C3D-0F11-4E07-9AEF-2BA6AA9C54C7}.Debug|Any CPU.ActiveCfg = Debug|Any CPU
		{4FBF4C3D-0F11-4E07-9AEF-2BA6AA9C54C7}.Debug|Any CPU.Build.0 = Debug|Any CPU
		{4FBF4C3D-0F11-4E07-9AEF-2BA6AA9C54C7}.Release|Any CPU.ActiveCfg = Release|Any CPU
		{4FBF4C3D-0F11-4E07-9AEF-2BA6AA9C54C7}.Release|Any CPU.Build.0 = Release|Any CPU
		{1BE4267F-F277-4027-B3C2-5E4E9FFD19E3}.Debug|Any CPU.ActiveCfg = Debug|Any CPU
		{1BE4267F-F277-4027-B3C2-5E4E9FFD19E3}.Debug|Any CPU.Build.0 = Debug|Any CPU
		{1BE4267F-F277-4027-B3C2-5E4E9FFD19E3}.Release|Any CPU.ActiveCfg = Release|Any CPU
		{1BE4267F-F277-4027-B3C2-5E4E9FFD19E3}.Release|Any CPU.Build.0 = Release|Any CPU
	EndGlobalSection
	GlobalSection(SolutionProperties) = preSolution
		HideSolutionNode = FALSE
	EndGlobalSection
EndGlobal
